// !$*UTF8*$!
{
	archiveVersion = 1;
	classes = {
	};
	objectVersion = 46;
	objects = {

/* Begin PBXBuildFile section */
		B705ECEF1BDE8B2A0043AF14 /* main.m in Sources */ = {isa = PBXBuildFile; fileRef = B705ECEE1BDE8B2A0043AF14 /* main.m */; };
/* End PBXBuildFile section */

/* Begin PBXCopyFilesBuildPhase section */
		B705ECE91BDE8B2A0043AF14 /* CopyFiles */ = {
			isa = PBXCopyFilesBuildPhase;
			buildActionMask = 2147483647;
			dstPath = /usr/share/man/man1/;
			dstSubfolderSpec = 0;
			files = (
			);
			runOnlyForDeploymentPostprocessing = 1;
		};
/* End PBXCopyFilesBuildPhase section */

/* Begin PBXFileReference section */
		B705ECEB1BDE8B2A0043AF14 /* TestOSXConsole */ = {isa = PBXFileReference; explicitFileType = "compiled.mach-o.executable"; includeInIndex = 0; path = TestOSXConsole; sourceTree = BUILT_PRODUCTS_DIR; };
		B705ECEE1BDE8B2A0043AF14 /* main.m */ = {isa = PBXFileReference; lastKnownFileType = sourcecode.c.objc; path = main.m; sourceTree = "<group>"; };
/* End PBXFileReference section */

/* Begin PBXFrameworksBuildPhase section */
		B705ECE81BDE8B2A0043AF14 /* Frameworks */ = {
			isa = PBXFrameworksBuildPhase;
			buildActionMask = 2147483647;
			files = (
			);
			runOnlyForDeploymentPostprocessing = 0;
		};
/* End PBXFrameworksBuildPhase section */

/* Begin PBXGroup section */
		B705ECE21BDE8B2A0043AF14 = {
			isa = PBXGroup;
			children = (
				B705ECED1BDE8B2A0043AF14 /* TestOSXConsole */,
				B705ECEC1BDE8B2A0043AF14 /* Products */,
			);
			sourceTree = "<group>";
		};
		B705ECEC1BDE8B2A0043AF14 /* Products */ = {
			isa = PBXGroup;
			children = (
				B705ECEB1BDE8B2A0043AF14 /* TestOSXConsole */,
			);
			name = Products;
			sourceTree = "<group>";
		};
		B705ECED1BDE8B2A0043AF14 /* TestOSXConsole */ = {
			isa = PBXGroup;
			children = (
				B705ECEE1BDE8B2A0043AF14 /* main.m */,
			);
			path = TestOSXConsole;
			sourceTree = "<group>";
		};
/* End PBXGroup section */

/* Begin PBXNativeTarget section */
		B705ECEA1BDE8B2A0043AF14 /* TestOSXConsole */ = {
			isa = PBXNativeTarget;
			buildConfigurationList = B705ECF21BDE8B2A0043AF14 /* Build configuration list for PBXNativeTarget "TestOSXConsole" */;
			buildPhases = (
				B705ECE71BDE8B2A0043AF14 /* Sources */,
				B705ECE81BDE8B2A0043AF14 /* Frameworks */,
				B705ECE91BDE8B2A0043AF14 /* CopyFiles */,
			);
			buildRules = (
			);
			dependencies = (
			);
			name = TestOSXConsole;
			productName = TestOSXConsole;
			productReference = B705ECEB1BDE8B2A0043AF14 /* TestOSXConsole */;
			productType = "com.apple.product-type.tool";
		};
/* End PBXNativeTarget section */

/* Begin PBXProject section */
		B705ECE31BDE8B2A0043AF14 /* Project object */ = {
			isa = PBXProject;
			attributes = {
				LastUpgradeCheck = 0710;
				ORGANIZATIONNAME = "Kruger, John (GE Corporate)";
				TargetAttributes = {
					B705ECEA1BDE8B2A0043AF14 = {
						CreatedOnToolsVersion = 7.1;
					};
				};
			};
			buildConfigurationList = B705ECE61BDE8B2A0043AF14 /* Build configuration list for PBXProject "TestOSXConsole" */;
			compatibilityVersion = "Xcode 3.2";
			developmentRegion = English;
			hasScannedForEncodings = 0;
			knownRegions = (
				en,
			);
			mainGroup = B705ECE21BDE8B2A0043AF14;
			productRefGroup = B705ECEC1BDE8B2A0043AF14 /* Products */;
			projectDirPath = "";
			projectRoot = "";
			targets = (
				B705ECEA1BDE8B2A0043AF14 /* TestOSXConsole */,
			);
		};
/* End PBXProject section */

/* Begin PBXSourcesBuildPhase section */
		B705ECE71BDE8B2A0043AF14 /* Sources */ = {
			isa = PBXSourcesBuildPhase;
			buildActionMask = 2147483647;
			files = (
				B705ECEF1BDE8B2A0043AF14 /* main.m in Sources */,
			);
			runOnlyForDeploymentPostprocessing = 0;
		};
/* End PBXSourcesBuildPhase section */

/* Begin XCBuildConfiguration section */
		B705ECF01BDE8B2A0043AF14 /* Debug */ = {
			isa = XCBuildConfiguration;
			buildSettings = {
				ALWAYS_SEARCH_USER_PATHS = NO;
				CLANG_CXX_LANGUAGE_STANDARD = "gnu++0x";
				CLANG_CXX_LIBRARY = "libc++";
				CLANG_ENABLE_MODULES = YES;
				CLANG_ENABLE_OBJC_ARC = YES;
				CLANG_WARN_BOOL_CONVERSION = YES;
				CLANG_WARN_CONSTANT_CONVERSION = YES;
				CLANG_WARN_DIRECT_OBJC_ISA_USAGE = YES_ERROR;
				CLANG_WARN_EMPTY_BODY = YES;
				CLANG_WARN_ENUM_CONVERSION = YES;
				CLANG_WARN_INT_CONVERSION = YES;
				CLANG_WARN_OBJC_ROOT_CLASS = YES_ERROR;
				CLANG_WARN_UNREACHABLE_CODE = YES;
				CLANG_WARN__DUPLICATE_METHOD_MATCH = YES;
				CODE_SIGN_IDENTITY = "-";
				COPY_PHASE_STRIP = NO;
				DEBUG_INFORMATION_FORMAT = dwarf;
				ENABLE_STRICT_OBJC_MSGSEND = YES;
				ENABLE_TESTABILITY = YES;
				GCC_C_LANGUAGE_STANDARD = gnu99;
				GCC_DYNAMIC_NO_PIC = NO;
				GCC_NO_COMMON_BLOCKS = YES;
				GCC_OPTIMIZATION_LEVEL = 0;
				GCC_PREPROCESSOR_DEFINITIONS = (
					"DEBUG=1",
					"$(inherited)",
				);
				GCC_WARN_64_TO_32_BIT_CONVERSION = YES;
				GCC_WARN_ABOUT_RETURN_TYPE = YES_ERROR;
				GCC_WARN_UNDECLARED_SELECTOR = YES;
				GCC_WARN_UNINITIALIZED_AUTOS = YES_AGGRESSIVE;
				GCC_WARN_UNUSED_FUNCTION = YES;
				GCC_WARN_UNUSED_VARIABLE = YES;
				MACOSX_DEPLOYMENT_TARGET = 10.10;
				MTL_ENABLE_DEBUG_INFO = YES;
				ONLY_ACTIVE_ARCH = YES;
				SDKROOT = macosx;
			};
			name = Debug;
		};
		B705ECF11BDE8B2A0043AF14 /* Release */ = {
			isa = XCBuildConfiguration;
			buildSettings = {
				ALWAYS_SEARCH_USER_PATHS = NO;
				CLANG_CXX_LANGUAGE_STANDARD = "gnu++0x";
				CLANG_CXX_LIBRARY = "libc++";
				CLANG_ENABLE_MODULES = YES;
				CLANG_ENABLE_OBJC_ARC = YES;
				CLANG_WARN_BOOL_CONVERSION = YES;
				CLANG_WARN_CONSTANT_CONVERSION = YES;
				CLANG_WARN_DIRECT_OBJC_ISA_USAGE = YES_ERROR;
				CLANG_WARN_EMPTY_BODY = YES;
				CLANG_WARN_ENUM_CONVERSION = YES;
				CLANG_WARN_INT_CONVERSION = YES;
				CLANG_WARN_OBJC_ROOT_CLASS = YES_ERROR;
				CLANG_WARN_UNREACHABLE_CODE = YES;
				CLANG_WARN__DUPLICATE_METHOD_MATCH = YES;
				CODE_SIGN_IDENTITY = "-";
				COPY_PHASE_STRIP = NO;
				DEBUG_INFORMATION_FORMAT = "dwarf-with-dsym";
				ENABLE_NS_ASSERTIONS = NO;
				ENABLE_STRICT_OBJC_MSGSEND = YES;
				GCC_C_LANGUAGE_STANDARD = gnu99;
				GCC_NO_COMMON_BLOCKS = YES;
				GCC_WARN_64_TO_32_BIT_CONVERSION = YES;
				GCC_WARN_ABOUT_RETURN_TYPE = YES_ERROR;
				GCC_WARN_UNDECLARED_SELECTOR = YES;
				GCC_WARN_UNINITIALIZED_AUTOS = YES_AGGRESSIVE;
				GCC_WARN_UNUSED_FUNCTION = YES;
				GCC_WARN_UNUSED_VARIABLE = YES;
				MACOSX_DEPLOYMENT_TARGET = 10.10;
				MTL_ENABLE_DEBUG_INFO = NO;
				SDKROOT = macosx;
			};
			name = Release;
		};
		B705ECF31BDE8B2A0043AF14 /* Debug */ = {
			isa = XCBuildConfiguration;
			buildSettings = {
				PRODUCT_NAME = "$(TARGET_NAME)";
			};
			name = Debug;
		};
		B705ECF41BDE8B2A0043AF14 /* Release */ = {
			isa = XCBuildConfiguration;
			buildSettings = {
				PRODUCT_NAME = "$(TARGET_NAME)";
			};
			name = Release;
		};
/* End XCBuildConfiguration section */

/* Begin XCConfigurationList section */
		B705ECE61BDE8B2A0043AF14 /* Build configuration list for PBXProject "TestOSXConsole" */ = {
			isa = XCConfigurationList;
			buildConfigurations = (
				B705ECF01BDE8B2A0043AF14 /* Debug */,
				B705ECF11BDE8B2A0043AF14 /* Release */,
			);
			defaultConfigurationIsVisible = 0;
			defaultConfigurationName = Release;
		};
		B705ECF21BDE8B2A0043AF14 /* Build configuration list for PBXNativeTarget "TestOSXConsole" */ = {
			isa = XCConfigurationList;
			buildConfigurations = (
				B705ECF31BDE8B2A0043AF14 /* Debug */,
				B705ECF41BDE8B2A0043AF14 /* Release */,
			);
			defaultConfigurationIsVisible = 0;
		};
/* End XCConfigurationList section */
	};
	rootObject = B705ECE31BDE8B2A0043AF14 /* Project object */;
}
